
Microsoft Visual Studio Solution File, Format Version 12.00
# Visual Studio Version 16
VisualStudioVersion = 16.0.30907.101
MinimumVisualStudioVersion = 10.0.40219.1
Project("{FAE04EC0-301F-11D3-BF4B-00C04F79EFBC}") = "Student.Microservice", "Student.Microservice\Student.Microservice.csproj", "{E7FDE881-8C63-400E-B40A-102D3219DC9B}"
EndProject
Project("{FAE04EC0-301F-11D3-BF4B-00C04F79EFBC}") = "Course.Microservice", "Course.Microservice\Course.Microservice.csproj", "{913307DC-8A70-4FB6-8460-609308A431C0}"
EndProject
Project("{FAE04EC0-301F-11D3-BF4B-00C04F79EFBC}") = "Gateway.WebApi", "Gateway.WebApi\Gateway.WebApi.csproj", "{B4F4B65C-E9BE-4487-BB90-7557B7FD1C70}"
EndProject
Global
	GlobalSection(SolutionConfigurationPlatforms) = preSolution
		Debug|Any CPU = Debug|Any CPU
		Release|Any CPU = Release|Any CPU
	EndGlobalSection
	GlobalSection(ProjectConfigurationPlatforms) = postSolution
		{E7FDE881-8C63-400E-B40A-102D3219DC9B}.Debug|Any CPU.ActiveCfg = Debug|Any CPU
		{E7FDE881-8C63-400E-B40A-102D3219DC9B}.Debug|Any CPU.Build.0 = Debug|Any CPU
		{E7FDE881-8C63-400E-B40A-102D3219DC9B}.Release|Any CPU.ActiveCfg = Release|Any CPU
		{E7FDE881-8C63-400E-B40A-102D3219DC9B}.Release|Any CPU.Build.0 = Release|Any CPU
		{913307DC-8A70-4FB6-8460-609308A431C0}.Debug|Any CPU.ActiveCfg = Debug|Any CPU
		{913307DC-8A70-4FB6-8460-609308A431C0}.Debug|Any CPU.Build.0 = Debug|Any CPU
		{913307DC-8A70-4FB6-8460-609308A431C0}.Release|Any CPU.ActiveCfg = Release|Any CPU
		{913307DC-8A70-4FB6-8460-609308A431C0}.Release|Any CPU.Build.0 = Release|Any CPU
		{B4F4B65C-E9BE-4487-BB90-7557B7FD1C70}.Debug|Any CPU.ActiveCfg = Debug|Any CPU
		{B4F4B65C-E9BE-4487-BB90-7557B7FD1C70}.Debug|Any CPU.Build.0 = Debug|Any CPU
		{B4F4B65C-E9BE-4487-BB90-7557B7FD1C70}.Release|Any CPU.ActiveCfg = Release|Any CPU
		{B4F4B65C-E9BE-4487-BB90-7557B7FD1C70}.Release|Any CPU.Build.0 = Release|Any CPU
	EndGlobalSection
	GlobalSection(SolutionProperties) = preSolution
		HideSolutionNode = FALSE
	EndGlobalSection
	GlobalSection(ExtensibilityGlobals) = postSolution
		SolutionGuid = {1F8ABFB3-F305-49F7-9E01-B84F763E31B9}
	EndGlobalSection
EndGlobal
